
Microsoft Visual Studio Solution File, Format Version 12.00
# Visual Studio Version 17
VisualStudioVersion = 17.5.33424.131
MinimumVisualStudioVersion = 10.0.40219.1
Project("{FAE04EC0-301F-11D3-BF4B-00C04F79EFBC}") = "ShahidSoltaniLibrary.App", "ShahidSoltaniLibrary.App\ShahidSoltaniLibrary.App.csproj", "{C516A60D-F717-4D68-B3A6-746052BA4A92}"
EndProject
Project("{FAE04EC0-301F-11D3-BF4B-00C04F79EFBC}") = "ShahidSoltaniLibrary.DataLayer", "ShahidSoltaniLibrary.DataLayer\ShahidSoltaniLibrary.DataLayer.csproj", "{54F2642C-32A7-4C97-9FB5-8349CD67D274}"
EndProject
Project("{FAE04EC0-301F-11D3-BF4B-00C04F79EFBC}") = "ShahidSoltaniLibrary.Core", "ShahidSoltaniLibrary.Core\ShahidSoltaniLibrary.Core.csproj", "{1898CEE2-7525-44C6-8D3A-D07762C86282}"
EndProject
Global
	GlobalSection(SolutionConfigurationPlatforms) = preSolution
		Debug|Any CPU = Debug|Any CPU
		Release|Any CPU = Release|Any CPU
	EndGlobalSection
	GlobalSection(ProjectConfigurationPlatforms) = postSolution
		{C516A60D-F717-4D68-B3A6-746052BA4A92}.Debug|Any CPU.ActiveCfg = Debug|Any CPU
		{C516A60D-F717-4D68-B3A6-746052BA4A92}.Debug|Any CPU.Build.0 = Debug|Any CPU
		{C516A60D-F717-4D68-B3A6-746052BA4A92}.Release|Any CPU.ActiveCfg = Release|Any CPU
		{C516A60D-F717-4D68-B3A6-746052BA4A92}.Release|Any CPU.Build.0 = Release|Any CPU
		{54F2642C-32A7-4C97-9FB5-8349CD67D274}.Debug|Any CPU.ActiveCfg = Debug|Any CPU
		{54F2642C-32A7-4C97-9FB5-8349CD67D274}.Debug|Any CPU.Build.0 = Debug|Any CPU
		{54F2642C-32A7-4C97-9FB5-8349CD67D274}.Release|Any CPU.ActiveCfg = Release|Any CPU
		{54F2642C-32A7-4C97-9FB5-8349CD67D274}.Release|Any CPU.Build.0 = Release|Any CPU
		{1898CEE2-7525-44C6-8D3A-D07762C86282}.Debug|Any CPU.ActiveCfg = Debug|Any CPU
		{1898CEE2-7525-44C6-8D3A-D07762C86282}.Debug|Any CPU.Build.0 = Debug|Any CPU
		{1898CEE2-7525-44C6-8D3A-D07762C86282}.Release|Any CPU.ActiveCfg = Release|Any CPU
		{1898CEE2-7525-44C6-8D3A-D07762C86282}.Release|Any CPU.Build.0 = Release|Any CPU
	EndGlobalSection
	GlobalSection(SolutionProperties) = preSolution
		HideSolutionNode = FALSE
	EndGlobalSection
	GlobalSection(ExtensibilityGlobals) = postSolution
		SolutionGuid = {1D6DDB50-F68D-4A2C-B421-3636A2BABCDF}
	EndGlobalSection
EndGlobal
